
Microsoft Visual Studio Solution File, Format Version 12.00
# Visual Studio Version 17
VisualStudioVersion = 17.4.33103.184
MinimumVisualStudioVersion = 10.0.40219.1
Project("{FAE04EC0-301F-11D3-BF4B-00C04F79EFBC}") = "FileManager", "FileManager\FileManager.csproj", "{AA833F1C-397F-4845-9931-CFD5261DD2CF}"
EndProject
Global
	GlobalSection(SolutionConfigurationPlatforms) = preSolution
		Debug|Any CPU = Debug|Any CPU
		Release|Any CPU = Release|Any CPU
	EndGlobalSection
	GlobalSection(ProjectConfigurationPlatforms) = postSolution
		{AA833F1C-397F-4845-9931-CFD5261DD2CF}.Debug|Any CPU.ActiveCfg = Debug|Any CPU
		{AA833F1C-397F-4845-9931-CFD5261DD2CF}.Debug|Any CPU.Build.0 = Debug|Any CPU
		{AA833F1C-397F-4845-9931-CFD5261DD2CF}.Release|Any CPU.ActiveCfg = Release|Any CPU
		{AA833F1C-397F-4845-9931-CFD5261DD2CF}.Release|Any CPU.Build.0 = Release|Any CPU
	EndGlobalSection
	GlobalSection(SolutionProperties) = preSolution
		HideSolutionNode = FALSE
	EndGlobalSection
	GlobalSection(ExtensibilityGlobals) = postSolution
		SolutionGuid = {8269BCA6-8A3A-421D-8E10-2140C696B39C}
	EndGlobalSection
EndGlobal
